// !$*UTF8*$!
{
	archiveVersion = 1;
	classes = {
	};
	objectVersion = 56;
	objects = {

/* Begin PBXBuildFile section */
		AF4DCAB42BD61AC500780F9A /* AppDelegate.swift in Sources */ = {isa = PBXBuildFile; fileRef = AF4DCAB32BD61AC500780F9A /* AppDelegate.swift */; };
		AF4DCAB62BD61AC500780F9A /* SceneDelegate.swift in Sources */ = {isa = PBXBuildFile; fileRef = AF4DCAB52BD61AC500780F9A /* SceneDelegate.swift */; };
		AF4DCAB82BD61AC500780F9A /* ViewController.swift in Sources */ = {isa = PBXBuildFile; fileRef = AF4DCAB72BD61AC500780F9A /* ViewController.swift */; };
		AF4DCABB2BD61AC500780F9A /* Base in Resources */ = {isa = PBXBuildFile; fileRef = AF4DCABA2BD61AC500780F9A /* Base */; };
		AF4DCABD2BD61AC600780F9A /* Assets.xcassets in Resources */ = {isa = PBXBuildFile; fileRef = AF4DCABC2BD61AC600780F9A /* Assets.xcassets */; };
		AF4DCAC02BD61AC600780F9A /* Base in Resources */ = {isa = PBXBuildFile; fileRef = AF4DCABF2BD61AC600780F9A /* Base */; };
		AF4DCACB2BD61AC600780F9A /* calculatorTests.swift in Sources */ = {isa = PBXBuildFile; fileRef = AF4DCACA2BD61AC600780F9A /* calculatorTests.swift */; };
		AF4DCAD52BD61AC600780F9A /* calculatorUITests.swift in Sources */ = {isa = PBXBuildFile; fileRef = AF4DCAD42BD61AC600780F9A /* calculatorUITests.swift */; };
		AF4DCAD72BD61AC600780F9A /* calculatorUITestsLaunchTests.swift in Sources */ = {isa = PBXBuildFile; fileRef = AF4DCAD62BD61AC600780F9A /* calculatorUITestsLaunchTests.swift */; };
/* End PBXBuildFile section */

/* Begin PBXContainerItemProxy section */
		AF4DCAC72BD61AC600780F9A /* PBXContainerItemProxy */ = {
			isa = PBXContainerItemProxy;
			containerPortal = AF4DCAA82BD61AC500780F9A /* Project object */;
			proxyType = 1;
			remoteGlobalIDString = AF4DCAAF2BD61AC500780F9A;
			remoteInfo = calculator;
		};
		AF4DCAD12BD61AC600780F9A /* PBXContainerItemProxy */ = {
			isa = PBXContainerItemProxy;
			containerPortal = AF4DCAA82BD61AC500780F9A /* Project object */;
			proxyType = 1;
			remoteGlobalIDString = AF4DCAAF2BD61AC500780F9A;
			remoteInfo = calculator;
		};
/* End PBXContainerItemProxy section */

/* Begin PBXFileReference section */
		AF4DCAB02BD61AC500780F9A /* calculator.app */ = {isa = PBXFileReference; explicitFileType = wrapper.application; includeInIndex = 0; path = calculator.app; sourceTree = BUILT_PRODUCTS_DIR; };
		AF4DCAB32BD61AC500780F9A /* AppDelegate.swift */ = {isa = PBXFileReference; lastKnownFileType = sourcecode.swift; path = AppDelegate.swift; sourceTree = "<group>"; };
		AF4DCAB52BD61AC500780F9A /* SceneDelegate.swift */ = {isa = PBXFileReference; lastKnownFileType = sourcecode.swift; path = SceneDelegate.swift; sourceTree = "<group>"; };
		AF4DCAB72BD61AC500780F9A /* ViewController.swift */ = {isa = PBXFileReference; lastKnownFileType = sourcecode.swift; path = ViewController.swift; sourceTree = "<group>"; };
		AF4DCABA2BD61AC500780F9A /* Base */ = {isa = PBXFileReference; lastKnownFileType = file.storyboard; name = Base; path = Base.lproj/Main.storyboard; sourceTree = "<group>"; };
		AF4DCABC2BD61AC600780F9A /* Assets.xcassets */ = {isa = PBXFileReference; lastKnownFileType = folder.assetcatalog; path = Assets.xcassets; sourceTree = "<group>"; };
		AF4DCABF2BD61AC600780F9A /* Base */ = {isa = PBXFileReference; lastKnownFileType = file.storyboard; name = Base; path = Base.lproj/LaunchScreen.storyboard; sourceTree = "<group>"; };
		AF4DCAC12BD61AC600780F9A /* Info.plist */ = {isa = PBXFileReference; lastKnownFileType = text.plist.xml; path = Info.plist; sourceTree = "<group>"; };
		AF4DCAC62BD61AC600780F9A /* calculatorTests.xctest */ = {isa = PBXFileReference; explicitFileType = wrapper.cfbundle; includeInIndex = 0; path = calculatorTests.xctest; sourceTree = BUILT_PRODUCTS_DIR; };
		AF4DCACA2BD61AC600780F9A /* calculatorTests.swift */ = {isa = PBXFileReference; lastKnownFileType = sourcecode.swift; path = calculatorTests.swift; sourceTree = "<group>"; };
		AF4DCAD02BD61AC600780F9A /* calculatorUITests.xctest */ = {isa = PBXFileReference; explicitFileType = wrapper.cfbundle; includeInIndex = 0; path = calculatorUITests.xctest; sourceTree = BUILT_PRODUCTS_DIR; };
		AF4DCAD42BD61AC600780F9A /* calculatorUITests.swift */ = {isa = PBXFileReference; lastKnownFileType = sourcecode.swift; path = calculatorUITests.swift; sourceTree = "<group>"; };
		AF4DCAD62BD61AC600780F9A /* calculatorUITestsLaunchTests.swift */ = {isa = PBXFileReference; lastKnownFileType = sourcecode.swift; path = calculatorUITestsLaunchTests.swift; sourceTree = "<group>"; };
/* End PBXFileReference section */

/* Begin PBXFrameworksBuildPhase section */
		AF4DCAAD2BD61AC500780F9A /* Frameworks */ = {
			isa = PBXFrameworksBuildPhase;
			buildActionMask = 2147483647;
			files = (
			);
			runOnlyForDeploymentPostprocessing = 0;
		};
		AF4DCAC32BD61AC600780F9A /* Frameworks */ = {
			isa = PBXFrameworksBuildPhase;
			buildActionMask = 2147483647;
			files = (
			);
			runOnlyForDeploymentPostprocessing = 0;
		};
		AF4DCACD2BD61AC600780F9A /* Frameworks */ = {
			isa = PBXFrameworksBuildPhase;
			buildActionMask = 2147483647;
			files = (
			);
			runOnlyForDeploymentPostprocessing = 0;
		};
/* End PBXFrameworksBuildPhase section */

/* Begin PBXGroup section */
		AF4DCAA72BD61AC500780F9A = {
			isa = PBXGroup;
			children = (
				AF4DCAB22BD61AC500780F9A /* calculator */,
				AF4DCAC92BD61AC600780F9A /* calculatorTests */,
				AF4DCAD32BD61AC600780F9A /* calculatorUITests */,
				AF4DCAB12BD61AC500780F9A /* Products */,
			);
			sourceTree = "<group>";
		};
		AF4DCAB12BD61AC500780F9A /* Products */ = {
			isa = PBXGroup;
			children = (
				AF4DCAB02BD61AC500780F9A /* calculator.app */,
				AF4DCAC62BD61AC600780F9A /* calculatorTests.xctest */,
				AF4DCAD02BD61AC600780F9A /* calculatorUITests.xctest */,
			);
			name = Products;
			sourceTree = "<group>";
		};
		AF4DCAB22BD61AC500780F9A /* calculator */ = {
			isa = PBXGroup;
			children = (
				AF4DCAB32BD61AC500780F9A /* AppDelegate.swift */,
				AF4DCAB52BD61AC500780F9A /* SceneDelegate.swift */,
				AF4DCAB72BD61AC500780F9A /* ViewController.swift */,
				AF4DCAB92BD61AC500780F9A /* Main.storyboard */,
				AF4DCABC2BD61AC600780F9A /* Assets.xcassets */,
				AF4DCABE2BD61AC600780F9A /* LaunchScreen.storyboard */,
				AF4DCAC12BD61AC600780F9A /* Info.plist */,
			);
			path = calculator;
			sourceTree = "<group>";
		};
		AF4DCAC92BD61AC600780F9A /* calculatorTests */ = {
			isa = PBXGroup;
			children = (
				AF4DCACA2BD61AC600780F9A /* calculatorTests.swift */,
			);
			path = calculatorTests;
			sourceTree = "<group>";
		};
		AF4DCAD32BD61AC600780F9A /* calculatorUITests */ = {
			isa = PBXGroup;
			children = (
				AF4DCAD42BD61AC600780F9A /* calculatorUITests.swift */,
				AF4DCAD62BD61AC600780F9A /* calculatorUITestsLaunchTests.swift */,
			);
			path = calculatorUITests;
			sourceTree = "<group>";
		};
/* End PBXGroup section */

/* Begin PBXNativeTarget section */
		AF4DCAAF2BD61AC500780F9A /* calculator */ = {
			isa = PBXNativeTarget;
			buildConfigurationList = AF4DCADA2BD61AC600780F9A /* Build configuration list for PBXNativeTarget "calculator" */;
			buildPhases = (
				AF4DCAAC2BD61AC500780F9A /* Sources */,
				AF4DCAAD2BD61AC500780F9A /* Frameworks */,
				AF4DCAAE2BD61AC500780F9A /* Resources */,
			);
			buildRules = (
			);
			dependencies = (
			);
			name = calculator;
			productName = calculator;
			productReference = AF4DCAB02BD61AC500780F9A /* calculator.app */;
			productType = "com.apple.product-type.application";
		};
		AF4DCAC52BD61AC600780F9A /* calculatorTests */ = {
			isa = PBXNativeTarget;
			buildConfigurationList = AF4DCADD2BD61AC600780F9A /* Build configuration list for PBXNativeTarget "calculatorTests" */;
			buildPhases = (
				AF4DCAC22BD61AC600780F9A /* Sources */,
				AF4DCAC32BD61AC600780F9A /* Frameworks */,
				AF4DCAC42BD61AC600780F9A /* Resources */,
			);
			buildRules = (
			);
			dependencies = (
				AF4DCAC82BD61AC600780F9A /* PBXTargetDependency */,
			);
			name = calculatorTests;
			productName = calculatorTests;
			productReference = AF4DCAC62BD61AC600780F9A /* calculatorTests.xctest */;
			productType = "com.apple.product-type.bundle.unit-test";
		};
		AF4DCACF2BD61AC600780F9A /* calculatorUITests */ = {
			isa = PBXNativeTarget;
			buildConfigurationList = AF4DCAE02BD61AC600780F9A /* Build configuration list for PBXNativeTarget "calculatorUITests" */;
			buildPhases = (
				AF4DCACC2BD61AC600780F9A /* Sources */,
				AF4DCACD2BD61AC600780F9A /* Frameworks */,
				AF4DCACE2BD61AC600780F9A /* Resources */,
			);
			buildRules = (
			);
			dependencies = (
				AF4DCAD22BD61AC600780F9A /* PBXTargetDependency */,
			);
			name = calculatorUITests;
			productName = calculatorUITests;
			productReference = AF4DCAD02BD61AC600780F9A /* calculatorUITests.xctest */;
			productType = "com.apple.product-type.bundle.ui-testing";
		};
/* End PBXNativeTarget section */

/* Begin PBXProject section */
		AF4DCAA82BD61AC500780F9A /* Project object */ = {
			isa = PBXProject;
			attributes = {
				BuildIndependentTargetsInParallel = 1;
				LastSwiftUpdateCheck = 1530;
				LastUpgradeCheck = 1530;
				TargetAttributes = {
					AF4DCAAF2BD61AC500780F9A = {
						CreatedOnToolsVersion = 15.3;
					};
					AF4DCAC52BD61AC600780F9A = {
						CreatedOnToolsVersion = 15.3;
						TestTargetID = AF4DCAAF2BD61AC500780F9A;
					};
					AF4DCACF2BD61AC600780F9A = {
						CreatedOnToolsVersion = 15.3;
						TestTargetID = AF4DCAAF2BD61AC500780F9A;
					};
				};
			};
			buildConfigurationList = AF4DCAAB2BD61AC500780F9A /* Build configuration list for PBXProject "calculator" */;
			compatibilityVersion = "Xcode 14.0";
			developmentRegion = en;
			hasScannedForEncodings = 0;
			knownRegions = (
				en,
				Base,
			);
			mainGroup = AF4DCAA72BD61AC500780F9A;
			productRefGroup = AF4DCAB12BD61AC500780F9A /* Products */;
			projectDirPath = "";
			projectRoot = "";
			targets = (
				AF4DCAAF2BD61AC500780F9A /* calculator */,
				AF4DCAC52BD61AC600780F9A /* calculatorTests */,
				AF4DCACF2BD61AC600780F9A /* calculatorUITests */,
			);
		};
/* End PBXProject section */

/* Begin PBXResourcesBuildPhase section */
		AF4DCAAE2BD61AC500780F9A /* Resources */ = {
			isa = PBXResourcesBuildPhase;
			buildActionMask = 2147483647;
			files = (
				AF4DCABD2BD61AC600780F9A /* Assets.xcassets in Resources */,
				AF4DCAC02BD61AC600780F9A /* Base in Resources */,
				AF4DCABB2BD61AC500780F9A /* Base in Resources */,
			);
			runOnlyForDeploymentPostprocessing = 0;
		};
		AF4DCAC42BD61AC600780F9A /* Resources */ = {
			isa = PBXResourcesBuildPhase;
			buildActionMask = 2147483647;
			files = (
			);
			runOnlyForDeploymentPostprocessing = 0;
		};
		AF4DCACE2BD61AC600780F9A /* Resources */ = {
			isa = PBXResourcesBuildPhase;
			buildActionMask = 2147483647;
			files = (
			);
			runOnlyForDeploymentPostprocessing = 0;
		};
/* End PBXResourcesBuildPhase section */

/* Begin PBXSourcesBuildPhase section */
		AF4DCAAC2BD61AC500780F9A /* Sources */ = {
			isa = PBXSourcesBuildPhase;
			buildActionMask = 2147483647;
			files = (
				AF4DCAB82BD61AC500780F9A /* ViewController.swift in Sources */,
				AF4DCAB42BD61AC500780F9A /* AppDelegate.swift in Sources */,
				AF4DCAB62BD61AC500780F9A /* SceneDelegate.swift in Sources */,
			);
			runOnlyForDeploymentPostprocessing = 0;
		};
		AF4DCAC22BD61AC600780F9A /* Sources */ = {
			isa = PBXSourcesBuildPhase;
			buildActionMask = 2147483647;
			files = (
				AF4DCACB2BD61AC600780F9A /* calculatorTests.swift in Sources */,
			);
			runOnlyForDeploymentPostprocessing = 0;
		};
		AF4DCACC2BD61AC600780F9A /* Sources */ = {
			isa = PBXSourcesBuildPhase;
			buildActionMask = 2147483647;
			files = (
				AF4DCAD72BD61AC600780F9A /* calculatorUITestsLaunchTests.swift in Sources */,
				AF4DCAD52BD61AC600780F9A /* calculatorUITests.swift in Sources */,
			);
			runOnlyForDeploymentPostprocessing = 0;
		};
/* End PBXSourcesBuildPhase section */

/* Begin PBXTargetDependency section */
		AF4DCAC82BD61AC600780F9A /* PBXTargetDependency */ = {
			isa = PBXTargetDependency;
			target = AF4DCAAF2BD61AC500780F9A /* calculator */;
			targetProxy = AF4DCAC72BD61AC600780F9A /* PBXContainerItemProxy */;
		};
		AF4DCAD22BD61AC600780F9A /* PBXTargetDependency */ = {
			isa = PBXTargetDependency;
			target = AF4DCAAF2BD61AC500780F9A /* calculator */;
			targetProxy = AF4DCAD12BD61AC600780F9A /* PBXContainerItemProxy */;
		};
/* End PBXTargetDependency section */

/* Begin PBXVariantGroup section */
		AF4DCAB92BD61AC500780F9A /* Main.storyboard */ = {
			isa = PBXVariantGroup;
			children = (
				AF4DCABA2BD61AC500780F9A /* Base */,
			);
			name = Main.storyboard;
			sourceTree = "<group>";
		};
		AF4DCABE2BD61AC600780F9A /* LaunchScreen.storyboard */ = {
			isa = PBXVariantGroup;
			children = (
				AF4DCABF2BD61AC600780F9A /* Base */,
			);
			name = LaunchScreen.storyboard;
			sourceTree = "<group>";
		};
/* End PBXVariantGroup section */

/* Begin XCBuildConfiguration section */
		AF4DCAD82BD61AC600780F9A /* Debug */ = {
			isa = XCBuildConfiguration;
			buildSettings = {
				ALWAYS_SEARCH_USER_PATHS = NO;
				ASSETCATALOG_COMPILER_GENERATE_SWIFT_ASSET_SYMBOL_EXTENSIONS = YES;
				CLANG_ANALYZER_NONNULL = YES;
				CLANG_ANALYZER_NUMBER_OBJECT_CONVERSION = YES_AGGRESSIVE;
				CLANG_CXX_LANGUAGE_STANDARD = "gnu++20";
				CLANG_ENABLE_MODULES = YES;
				CLANG_ENABLE_OBJC_ARC = YES;
				CLANG_ENABLE_OBJC_WEAK = YES;
				CLANG_WARN_BLOCK_CAPTURE_AUTORELEASING = YES;
				CLANG_WARN_BOOL_CONVERSION = YES;
				CLANG_WARN_COMMA = YES;
				CLANG_WARN_CONSTANT_CONVERSION = YES;
				CLANG_WARN_DEPRECATED_OBJC_IMPLEMENTATIONS = YES;
				CLANG_WARN_DIRECT_OBJC_ISA_USAGE = YES_ERROR;
				CLANG_WARN_DOCUMENTATION_COMMENTS = YES;
				CLANG_WARN_EMPTY_BODY = YES;
				CLANG_WARN_ENUM_CONVERSION = YES;
				CLANG_WARN_INFINITE_RECURSION = YES;
				CLANG_WARN_INT_CONVERSION = YES;
				CLANG_WARN_NON_LITERAL_NULL_CONVERSION = YES;
				CLANG_WARN_OBJC_IMPLICIT_RETAIN_SELF = YES;
				CLANG_WARN_OBJC_LITERAL_CONVERSION = YES;
				CLANG_WARN_OBJC_ROOT_CLASS = YES_ERROR;
				CLANG_WARN_QUOTED_INCLUDE_IN_FRAMEWORK_HEADER = YES;
				CLANG_WARN_RANGE_LOOP_ANALYSIS = YES;
				CLANG_WARN_STRICT_PROTOTYPES = YES;
				CLANG_WARN_SUSPICIOUS_MOVE = YES;
				CLANG_WARN_UNGUARDED_AVAILABILITY = YES_AGGRESSIVE;
				CLANG_WARN_UNREACHABLE_CODE = YES;
				CLANG_WARN__DUPLICATE_METHOD_MATCH = YES;
				COPY_PHASE_STRIP = NO;
				DEBUG_INFORMATION_FORMAT = dwarf;
				ENABLE_STRICT_OBJC_MSGSEND = YES;
				ENABLE_TESTABILITY = YES;
				ENABLE_USER_SCRIPT_SANDBOXING = YES;
				GCC_C_LANGUAGE_STANDARD = gnu17;
				GCC_DYNAMIC_NO_PIC = NO;
				GCC_NO_COMMON_BLOCKS = YES;
				GCC_OPTIMIZATION_LEVEL = 0;
				GCC_PREPROCESSOR_DEFINITIONS = (
					"DEBUG=1",
					"$(inherited)",
				);
				GCC_WARN_64_TO_32_BIT_CONVERSION = YES;
				GCC_WARN_ABOUT_RETURN_TYPE = YES_ERROR;
				GCC_WARN_UNDECLARED_SELECTOR = YES;
				GCC_WARN_UNINITIALIZED_AUTOS = YES_AGGRESSIVE;
				GCC_WARN_UNUSED_FUNCTION = YES;
				GCC_WARN_UNUSED_VARIABLE = YES;
				IPHONEOS_DEPLOYMENT_TARGET = 17.4;
				LOCALIZATION_PREFERS_STRING_CATALOGS = YES;
				MTL_ENABLE_DEBUG_INFO = INCLUDE_SOURCE;
				MTL_FAST_MATH = YES;
				ONLY_ACTIVE_ARCH = YES;
				SDKROOT = iphoneos;
				SWIFT_ACTIVE_COMPILATION_CONDITIONS = "DEBUG $(inherited)";
				SWIFT_OPTIMIZATION_LEVEL = "-Onone";
			};
			name = Debug;
		};
		AF4DCAD92BD61AC600780F9A /* Release */ = {
			isa = XCBuildConfiguration;
			buildSettings = {
				ALWAYS_SEARCH_USER_PATHS = NO;
				ASSETCATALOG_COMPILER_GENERATE_SWIFT_ASSET_SYMBOL_EXTENSIONS = YES;
				CLANG_ANALYZER_NONNULL = YES;
				CLANG_ANALYZER_NUMBER_OBJECT_CONVERSION = YES_AGGRESSIVE;
				CLANG_CXX_LANGUAGE_STANDARD = "gnu++20";
				CLANG_ENABLE_MODULES = YES;
				CLANG_ENABLE_OBJC_ARC = YES;
				CLANG_ENABLE_OBJC_WEAK = YES;
				CLANG_WARN_BLOCK_CAPTURE_AUTORELEASING = YES;
				CLANG_WARN_BOOL_CONVERSION = YES;
				CLANG_WARN_COMMA = YES;
				CLANG_WARN_CONSTANT_CONVERSION = YES;
				CLANG_WARN_DEPRECATED_OBJC_IMPLEMENTATIONS = YES;
				CLANG_WARN_DIRECT_OBJC_ISA_USAGE = YES_ERROR;
				CLANG_WARN_DOCUMENTATION_COMMENTS = YES;
				CLANG_WARN_EMPTY_BODY = YES;
				CLANG_WARN_ENUM_CONVERSION = YES;
				CLANG_WARN_INFINITE_RECURSION = YES;
				CLANG_WARN_INT_CONVERSION = YES;
				CLANG_WARN_NON_LITERAL_NULL_CONVERSION = YES;
				CLANG_WARN_OBJC_IMPLICIT_RETAIN_SELF = YES;
				CLANG_WARN_OBJC_LITERAL_CONVERSION = YES;
				CLANG_WARN_OBJC_ROOT_CLASS = YES_ERROR;
				CLANG_WARN_QUOTED_INCLUDE_IN_FRAMEWORK_HEADER = YES;
				CLANG_WARN_RANGE_LOOP_ANALYSIS = YES;
				CLANG_WARN_STRICT_PROTOTYPES = YES;
				CLANG_WARN_SUSPICIOUS_MOVE = YES;
				CLANG_WARN_UNGUARDED_AVAILABILITY = YES_AGGRESSIVE;
				CLANG_WARN_UNREACHABLE_CODE = YES;
				CLANG_WARN__DUPLICATE_METHOD_MATCH = YES;
				COPY_PHASE_STRIP = NO;
				DEBUG_INFORMATION_FORMAT = "dwarf-with-dsym";
				ENABLE_NS_ASSERTIONS = NO;
				ENABLE_STRICT_OBJC_MSGSEND = YES;
				ENABLE_USER_SCRIPT_SANDBOXING = YES;
				GCC_C_LANGUAGE_STANDARD = gnu17;
				GCC_NO_COMMON_BLOCKS = YES;
				GCC_WARN_64_TO_32_BIT_CONVERSION = YES;
				GCC_WARN_ABOUT_RETURN_TYPE = YES_ERROR;
				GCC_WARN_UNDECLARED_SELECTOR = YES;
				GCC_WARN_UNINITIALIZED_AUTOS = YES_AGGRESSIVE;
				GCC_WARN_UNUSED_FUNCTION = YES;
				GCC_WARN_UNUSED_VARIABLE = YES;
				IPHONEOS_DEPLOYMENT_TARGET = 17.4;
				LOCALIZATION_PREFERS_STRING_CATALOGS = YES;
				MTL_ENABLE_DEBUG_INFO = NO;
				MTL_FAST_MATH = YES;
				SDKROOT = iphoneos;
				SWIFT_COMPILATION_MODE = wholemodule;
				VALIDATE_PRODUCT = YES;
			};
			name = Release;
		};
		AF4DCADB2BD61AC600780F9A /* Debug */ = {
			isa = XCBuildConfiguration;
			buildSettings = {
				ASSETCATALOG_COMPILER_APPICON_NAME = AppIcon;
				ASSETCATALOG_COMPILER_GLOBAL_ACCENT_COLOR_NAME = AccentColor;
				CODE_SIGN_STYLE = Automatic;
				CURRENT_PROJECT_VERSION = 1;
				GENERATE_INFOPLIST_FILE = YES;
				INFOPLIST_FILE = calculator/Info.plist;
				INFOPLIST_KEY_UIApplicationSupportsIndirectInputEvents = YES;
				INFOPLIST_KEY_UILaunchStoryboardName = LaunchScreen;
				INFOPLIST_KEY_UIMainStoryboardFile = Main;
				INFOPLIST_KEY_UISupportedInterfaceOrientations_iPad = "UIInterfaceOrientationPortrait UIInterfaceOrientationPortraitUpsideDown UIInterfaceOrientationLandscapeLeft UIInterfaceOrientationLandscapeRight";
				INFOPLIST_KEY_UISupportedInterfaceOrientations_iPhone = "UIInterfaceOrientationPortrait UIInterfaceOrientationLandscapeLeft UIInterfaceOrientationLandscapeRight";
				LD_RUNPATH_SEARCH_PATHS = (
					"$(inherited)",
					"@executable_path/Frameworks",
				);
				MARKETING_VERSION = 1.0;
				PRODUCT_BUNDLE_IDENTIFIER = asdqwe.calculator;
				PRODUCT_NAME = "$(TARGET_NAME)";
				SWIFT_EMIT_LOC_STRINGS = YES;
				SWIFT_VERSION = 5.0;
				TARGETED_DEVICE_FAMILY = "1,2";
			};
			name = Debug;
		};
		AF4DCADC2BD61AC600780F9A /* Release */ = {
			isa = XCBuildConfiguration;
			buildSettings = {
				ASSETCATALOG_COMPILER_APPICON_NAME = AppIcon;
				ASSETCATALOG_COMPILER_GLOBAL_ACCENT_COLOR_NAME = AccentColor;
				CODE_SIGN_STYLE = Automatic;
				CURRENT_PROJECT_VERSION = 1;
				GENERATE_INFOPLIST_FILE = YES;
				INFOPLIST_FILE = calculator/Info.plist;
				INFOPLIST_KEY_UIApplicationSupportsIndirectInputEvents = YES;
				INFOPLIST_KEY_UILaunchStoryboardName = LaunchScreen;
				INFOPLIST_KEY_UIMainStoryboardFile = Main;
				INFOPLIST_KEY_UISupportedInterfaceOrientations_iPad = "UIInterfaceOrientationPortrait UIInterfaceOrientationPortraitUpsideDown UIInterfaceOrientationLandscapeLeft UIInterfaceOrientationLandscapeRight";
				INFOPLIST_KEY_UISupportedInterfaceOrientations_iPhone = "UIInterfaceOrientationPortrait UIInterfaceOrientationLandscapeLeft UIInterfaceOrientationLandscapeRight";
				LD_RUNPATH_SEARCH_PATHS = (
					"$(inherited)",
					"@executable_path/Frameworks",
				);
				MARKETING_VERSION = 1.0;
				PRODUCT_BUNDLE_IDENTIFIER = asdqwe.calculator;
				PRODUCT_NAME = "$(TARGET_NAME)";
				SWIFT_EMIT_LOC_STRINGS = YES;
				SWIFT_VERSION = 5.0;
				TARGETED_DEVICE_FAMILY = "1,2";
			};
			name = Release;
		};
		AF4DCADE2BD61AC600780F9A /* Debug */ = {
			isa = XCBuildConfiguration;
			buildSettings = {
				ALWAYS_EMBED_SWIFT_STANDARD_LIBRARIES = YES;
				BUNDLE_LOADER = "$(TEST_HOST)";
				CODE_SIGN_STYLE = Automatic;
				CURRENT_PROJECT_VERSION = 1;
				GENERATE_INFOPLIST_FILE = YES;
				IPHONEOS_DEPLOYMENT_TARGET = 17.4;
				MARKETING_VERSION = 1.0;
				PRODUCT_BUNDLE_IDENTIFIER = asdqwe.calculatorTests;
				PRODUCT_NAME = "$(TARGET_NAME)";
				SWIFT_EMIT_LOC_STRINGS = NO;
				SWIFT_VERSION = 5.0;
				TARGETED_DEVICE_FAMILY = "1,2";
				TEST_HOST = "$(BUILT_PRODUCTS_DIR)/calculator.app/$(BUNDLE_EXECUTABLE_FOLDER_PATH)/calculator";
			};
			name = Debug;
		};
		AF4DCADF2BD61AC600780F9A /* Release */ = {
			isa = XCBuildConfiguration;
			buildSettings = {
				ALWAYS_EMBED_SWIFT_STANDARD_LIBRARIES = YES;
				BUNDLE_LOADER = "$(TEST_HOST)";
				CODE_SIGN_STYLE = Automatic;
				CURRENT_PROJECT_VERSION = 1;
				GENERATE_INFOPLIST_FILE = YES;
				IPHONEOS_DEPLOYMENT_TARGET = 17.4;
				MARKETING_VERSION = 1.0;
				PRODUCT_BUNDLE_IDENTIFIER = asdqwe.calculatorTests;
				PRODUCT_NAME = "$(TARGET_NAME)";
				SWIFT_EMIT_LOC_STRINGS = NO;
				SWIFT_VERSION = 5.0;
				TARGETED_DEVICE_FAMILY = "1,2";
				TEST_HOST = "$(BUILT_PRODUCTS_DIR)/calculator.app/$(BUNDLE_EXECUTABLE_FOLDER_PATH)/calculator";
			};
			name = Release;
		};
		AF4DCAE12BD61AC600780F9A /* Debug */ = {
			isa = XCBuildConfiguration;
			buildSettings = {
				ALWAYS_EMBED_SWIFT_STANDARD_LIBRARIES = YES;
				CODE_SIGN_STYLE = Automatic;
				CURRENT_PROJECT_VERSION = 1;
				GENERATE_INFOPLIST_FILE = YES;
				MARKETING_VERSION = 1.0;
				PRODUCT_BUNDLE_IDENTIFIER = asdqwe.calculatorUITests;
				PRODUCT_NAME = "$(TARGET_NAME)";
				SWIFT_EMIT_LOC_STRINGS = NO;
				SWIFT_VERSION = 5.0;
				TARGETED_DEVICE_FAMILY = "1,2";
				TEST_TARGET_NAME = calculator;
			};
			name = Debug;
		};
		AF4DCAE22BD61AC600780F9A /* Release */ = {
			isa = XCBuildConfiguration;
			buildSettings = {
				ALWAYS_EMBED_SWIFT_STANDARD_LIBRARIES = YES;
				CODE_SIGN_STYLE = Automatic;
				CURRENT_PROJECT_VERSION = 1;
				GENERATE_INFOPLIST_FILE = YES;
				MARKETING_VERSION = 1.0;
				PRODUCT_BUNDLE_IDENTIFIER = asdqwe.calculatorUITests;
				PRODUCT_NAME = "$(TARGET_NAME)";
				SWIFT_EMIT_LOC_STRINGS = NO;
				SWIFT_VERSION = 5.0;
				TARGETED_DEVICE_FAMILY = "1,2";
				TEST_TARGET_NAME = calculator;
			};
			name = Release;
		};
/* End XCBuildConfiguration section */

/* Begin XCConfigurationList section */
		AF4DCAAB2BD61AC500780F9A /* Build configuration list for PBXProject "calculator" */ = {
			isa = XCConfigurationList;
			buildConfigurations = (
				AF4DCAD82BD61AC600780F9A /* Debug */,
				AF4DCAD92BD61AC600780F9A /* Release */,
			);
			defaultConfigurationIsVisible = 0;
			defaultConfigurationName = Release;
		};
		AF4DCADA2BD61AC600780F9A /* Build configuration list for PBXNativeTarget "calculator" */ = {
			isa = XCConfigurationList;
			buildConfigurations = (
				AF4DCADB2BD61AC600780F9A /* Debug */,
				AF4DCADC2BD61AC600780F9A /* Release */,
			);
			defaultConfigurationIsVisible = 0;
			defaultConfigurationName = Release;
		};
		AF4DCADD2BD61AC600780F9A /* Build configuration list for PBXNativeTarget "calculatorTests" */ = {
			isa = XCConfigurationList;
			buildConfigurations = (
				AF4DCADE2BD61AC600780F9A /* Debug */,
				AF4DCADF2BD61AC600780F9A /* Release */,
			);
			defaultConfigurationIsVisible = 0;
			defaultConfigurationName = Release;
		};
		AF4DCAE02BD61AC600780F9A /* Build configuration list for PBXNativeTarget "calculatorUITests" */ = {
			isa = XCConfigurationList;
			buildConfigurations = (
				AF4DCAE12BD61AC600780F9A /* Debug */,
				AF4DCAE22BD61AC600780F9A /* Release */,
			);
			defaultConfigurationIsVisible = 0;
			defaultConfigurationName = Release;
		};
/* End XCConfigurationList section */
	};
	rootObject = AF4DCAA82BD61AC500780F9A /* Project object */;
}
